
Microsoft Visual Studio Solution File, Format Version 12.00
# Visual Studio Version 17
VisualStudioVersion = 17.0.32112.339
MinimumVisualStudioVersion = 10.0.40219.1
Project("{2150E333-8FDC-42A3-9474-1A3956D46DE8}") = "Solution Items", "Solution Items", "{DC0D48AF-FA3B-417E-B267-F5696A85191B}"
	ProjectSection(SolutionItems) = preProject
		.editorconfig = .editorconfig
	EndProjectSection
EndProject
Project("{FAE04EC0-301F-11D3-BF4B-00C04F79EFBC}") = "Sales Order", "Sales Order.csproj", "{F65B546C-D4EC-4F88-9408-83C15AC19A45}"
EndProject
Global
	GlobalSection(SolutionConfigurationPlatforms) = preSolution
		Debug|Any CPU = Debug|Any CPU
		Release|Any CPU = Release|Any CPU
	EndGlobalSection
	GlobalSection(ProjectConfigurationPlatforms) = postSolution
		{F65B546C-D4EC-4F88-9408-83C15AC19A45}.Debug|Any CPU.ActiveCfg = Debug|Any CPU
		{F65B546C-D4EC-4F88-9408-83C15AC19A45}.Debug|Any CPU.Build.0 = Debug|Any CPU
		{F65B546C-D4EC-4F88-9408-83C15AC19A45}.Release|Any CPU.ActiveCfg = Release|Any CPU
		{F65B546C-D4EC-4F88-9408-83C15AC19A45}.Release|Any CPU.Build.0 = Release|Any CPU
	EndGlobalSection
	GlobalSection(SolutionProperties) = preSolution
		HideSolutionNode = FALSE
	EndGlobalSection
	GlobalSection(ExtensibilityGlobals) = postSolution
		SolutionGuid = {02A9D30C-4193-4B7A-8055-5720408DC047}
	EndGlobalSection
EndGlobal
